// !$*UTF8*$!
{
	archiveVersion = 1;
	classes = {
	};
	objectVersion = 46;
	objects = {

/* Begin PBXBuildFile section */
		65BB3E0D1B614018005057D1 /* main.m in Sources */ = {isa = PBXBuildFile; fileRef = 65BB3E0C1B614018005057D1 /* main.m */; };
		65BB3E101B614018005057D1 /* AppDelegate.m in Sources */ = {isa = PBXBuildFile; fileRef = 65BB3E0F1B614018005057D1 /* AppDelegate.m */; };
		65BB3E131B614018005057D1 /* ViewController.m in Sources */ = {isa = PBXBuildFile; fileRef = 65BB3E121B614018005057D1 /* ViewController.m */; };
		65BB3E161B614018005057D1 /* Main.storyboard in Resources */ = {isa = PBXBuildFile; fileRef = 65BB3E141B614018005057D1 /* Main.storyboard */; };
		65BB3E181B614018005057D1 /* Images.xcassets in Resources */ = {isa = PBXBuildFile; fileRef = 65BB3E171B614018005057D1 /* Images.xcassets */; };
		65BB3E1B1B614018005057D1 /* LaunchScreen.xib in Resources */ = {isa = PBXBuildFile; fileRef = 65BB3E191B614018005057D1 /* LaunchScreen.xib */; };
		65BB3E271B614018005057D1 /* DSourceTests.m in Sources */ = {isa = PBXBuildFile; fileRef = 65BB3E261B614018005057D1 /* DSourceTests.m */; };
/* End PBXBuildFile section */

/* Begin PBXContainerItemProxy section */
		65BB3E211B614018005057D1 /* PBXContainerItemProxy */ = {
			isa = PBXContainerItemProxy;
			containerPortal = 65BB3DFF1B614018005057D1 /* Project object */;
			proxyType = 1;
			remoteGlobalIDString = 65BB3E061B614018005057D1;
			remoteInfo = DSource;
		};
/* End PBXContainerItemProxy section */

/* Begin PBXFileReference section */
		65BB3E071B614018005057D1 /* DSource.app */ = {isa = PBXFileReference; explicitFileType = wrapper.application; includeInIndex = 0; path = DSource.app; sourceTree = BUILT_PRODUCTS_DIR; };
		65BB3E0B1B614018005057D1 /* Info.plist */ = {isa = PBXFileReference; lastKnownFileType = text.plist.xml; path = Info.plist; sourceTree = "<group>"; };
		65BB3E0C1B614018005057D1 /* main.m */ = {isa = PBXFileReference; lastKnownFileType = sourcecode.c.objc; path = main.m; sourceTree = "<group>"; };
		65BB3E0E1B614018005057D1 /* AppDelegate.h */ = {isa = PBXFileReference; lastKnownFileType = sourcecode.c.h; path = AppDelegate.h; sourceTree = "<group>"; };
		65BB3E0F1B614018005057D1 /* AppDelegate.m */ = {isa = PBXFileReference; lastKnownFileType = sourcecode.c.objc; path = AppDelegate.m; sourceTree = "<group>"; };
		65BB3E111B614018005057D1 /* ViewController.h */ = {isa = PBXFileReference; lastKnownFileType = sourcecode.c.h; path = ViewController.h; sourceTree = "<group>"; };
		65BB3E121B614018005057D1 /* ViewController.m */ = {isa = PBXFileReference; lastKnownFileType = sourcecode.c.objc; path = ViewController.m; sourceTree = "<group>"; };
		65BB3E151B614018005057D1 /* Base */ = {isa = PBXFileReference; lastKnownFileType = file.storyboard; name = Base; path = Base.lproj/Main.storyboard; sourceTree = "<group>"; };
		65BB3E171B614018005057D1 /* Images.xcassets */ = {isa = PBXFileReference; lastKnownFileType = folder.assetcatalog; path = Images.xcassets; sourceTree = "<group>"; };
		65BB3E1A1B614018005057D1 /* Base */ = {isa = PBXFileReference; lastKnownFileType = file.xib; name = Base; path = Base.lproj/LaunchScreen.xib; sourceTree = "<group>"; };
		65BB3E201B614018005057D1 /* DSourceTests.xctest */ = {isa = PBXFileReference; explicitFileType = wrapper.cfbundle; includeInIndex = 0; path = DSourceTests.xctest; sourceTree = BUILT_PRODUCTS_DIR; };
		65BB3E251B614018005057D1 /* Info.plist */ = {isa = PBXFileReference; lastKnownFileType = text.plist.xml; path = Info.plist; sourceTree = "<group>"; };
		65BB3E261B614018005057D1 /* DSourceTests.m */ = {isa = PBXFileReference; lastKnownFileType = sourcecode.c.objc; path = DSourceTests.m; sourceTree = "<group>"; };
/* End PBXFileReference section */

/* Begin PBXFrameworksBuildPhase section */
		65BB3E041B614018005057D1 /* Frameworks */ = {
			isa = PBXFrameworksBuildPhase;
			buildActionMask = 2147483647;
			files = (
			);
			runOnlyForDeploymentPostprocessing = 0;
		};
		65BB3E1D1B614018005057D1 /* Frameworks */ = {
			isa = PBXFrameworksBuildPhase;
			buildActionMask = 2147483647;
			files = (
			);
			runOnlyForDeploymentPostprocessing = 0;
		};
/* End PBXFrameworksBuildPhase section */

/* Begin PBXGroup section */
		65BB3DFE1B614018005057D1 = {
			isa = PBXGroup;
			children = (
				65BB3E091B614018005057D1 /* DSource */,
				65BB3E231B614018005057D1 /* DSourceTests */,
				65BB3E081B614018005057D1 /* Products */,
			);
			sourceTree = "<group>";
		};
		65BB3E081B614018005057D1 /* Products */ = {
			isa = PBXGroup;
			children = (
				65BB3E071B614018005057D1 /* DSource.app */,
				65BB3E201B614018005057D1 /* DSourceTests.xctest */,
			);
			name = Products;
			sourceTree = "<group>";
		};
		65BB3E091B614018005057D1 /* DSource */ = {
			isa = PBXGroup;
			children = (
				65BB3E0E1B614018005057D1 /* AppDelegate.h */,
				65BB3E0F1B614018005057D1 /* AppDelegate.m */,
				65BB3E111B614018005057D1 /* ViewController.h */,
				65BB3E121B614018005057D1 /* ViewController.m */,
				65BB3E141B614018005057D1 /* Main.storyboard */,
				65BB3E171B614018005057D1 /* Images.xcassets */,
				65BB3E191B614018005057D1 /* LaunchScreen.xib */,
				65BB3E0A1B614018005057D1 /* Supporting Files */,
			);
			path = DSource;
			sourceTree = "<group>";
		};
		65BB3E0A1B614018005057D1 /* Supporting Files */ = {
			isa = PBXGroup;
			children = (
				65BB3E0B1B614018005057D1 /* Info.plist */,
				65BB3E0C1B614018005057D1 /* main.m */,
			);
			name = "Supporting Files";
			sourceTree = "<group>";
		};
		65BB3E231B614018005057D1 /* DSourceTests */ = {
			isa = PBXGroup;
			children = (
				65BB3E261B614018005057D1 /* DSourceTests.m */,
				65BB3E241B614018005057D1 /* Supporting Files */,
			);
			path = DSourceTests;
			sourceTree = "<group>";
		};
		65BB3E241B614018005057D1 /* Supporting Files */ = {
			isa = PBXGroup;
			children = (
				65BB3E251B614018005057D1 /* Info.plist */,
			);
			name = "Supporting Files";
			sourceTree = "<group>";
		};
/* End PBXGroup section */

/* Begin PBXNativeTarget section */
		65BB3E061B614018005057D1 /* DSource */ = {
			isa = PBXNativeTarget;
			buildConfigurationList = 65BB3E2A1B614019005057D1 /* Build configuration list for PBXNativeTarget "DSource" */;
			buildPhases = (
				65BB3E031B614018005057D1 /* Sources */,
				65BB3E041B614018005057D1 /* Frameworks */,
				65BB3E051B614018005057D1 /* Resources */,
			);
			buildRules = (
			);
			dependencies = (
			);
			name = DSource;
			productName = DSource;
			productReference = 65BB3E071B614018005057D1 /* DSource.app */;
			productType = "com.apple.product-type.application";
		};
		65BB3E1F1B614018005057D1 /* DSourceTests */ = {
			isa = PBXNativeTarget;
			buildConfigurationList = 65BB3E2D1B614019005057D1 /* Build configuration list for PBXNativeTarget "DSourceTests" */;
			buildPhases = (
				65BB3E1C1B614018005057D1 /* Sources */,
				65BB3E1D1B614018005057D1 /* Frameworks */,
				65BB3E1E1B614018005057D1 /* Resources */,
			);
			buildRules = (
			);
			dependencies = (
				65BB3E221B614018005057D1 /* PBXTargetDependency */,
			);
			name = DSourceTests;
			productName = DSourceTests;
			productReference = 65BB3E201B614018005057D1 /* DSourceTests.xctest */;
			productType = "com.apple.product-type.bundle.unit-test";
		};
/* End PBXNativeTarget section */

/* Begin PBXProject section */
		65BB3DFF1B614018005057D1 /* Project object */ = {
			isa = PBXProject;
			attributes = {
				LastUpgradeCheck = 0630;
				ORGANIZATIONNAME = Fay;
				TargetAttributes = {
					65BB3E061B614018005057D1 = {
						CreatedOnToolsVersion = 6.3;
					};
					65BB3E1F1B614018005057D1 = {
						CreatedOnToolsVersion = 6.3;
						TestTargetID = 65BB3E061B614018005057D1;
					};
				};
			};
			buildConfigurationList = 65BB3E021B614018005057D1 /* Build configuration list for PBXProject "DSource" */;
			compatibilityVersion = "Xcode 3.2";
			developmentRegion = English;
			hasScannedForEncodings = 0;
			knownRegions = (
				en,
				Base,
			);
			mainGroup = 65BB3DFE1B614018005057D1;
			productRefGroup = 65BB3E081B614018005057D1 /* Products */;
			projectDirPath = "";
			projectRoot = "";
			targets = (
				65BB3E061B614018005057D1 /* DSource */,
				65BB3E1F1B614018005057D1 /* DSourceTests */,
			);
		};
/* End PBXProject section */

/* Begin PBXResourcesBuildPhase section */
		65BB3E051B614018005057D1 /* Resources */ = {
			isa = PBXResourcesBuildPhase;
			buildActionMask = 2147483647;
			files = (
				65BB3E161B614018005057D1 /* Main.storyboard in Resources */,
				65BB3E1B1B614018005057D1 /* LaunchScreen.xib in Resources */,
				65BB3E181B614018005057D1 /* Images.xcassets in Resources */,
			);
			runOnlyForDeploymentPostprocessing = 0;
		};
		65BB3E1E1B614018005057D1 /* Resources */ = {
			isa = PBXResourcesBuildPhase;
			buildActionMask = 2147483647;
			files = (
			);
			runOnlyForDeploymentPostprocessing = 0;
		};
/* End PBXResourcesBuildPhase section */

/* Begin PBXSourcesBuildPhase section */
		65BB3E031B614018005057D1 /* Sources */ = {
			isa = PBXSourcesBuildPhase;
			buildActionMask = 2147483647;
			files = (
				65BB3E131B614018005057D1 /* ViewController.m in Sources */,
				65BB3E101B614018005057D1 /* AppDelegate.m in Sources */,
				65BB3E0D1B614018005057D1 /* main.m in Sources */,
			);
			runOnlyForDeploymentPostprocessing = 0;
		};
		65BB3E1C1B614018005057D1 /* Sources */ = {
			isa = PBXSourcesBuildPhase;
			buildActionMask = 2147483647;
			files = (
				65BB3E271B614018005057D1 /* DSourceTests.m in Sources */,
			);
			runOnlyForDeploymentPostprocessing = 0;
		};
/* End PBXSourcesBuildPhase section */

/* Begin PBXTargetDependency section */
		65BB3E221B614018005057D1 /* PBXTargetDependency */ = {
			isa = PBXTargetDependency;
			target = 65BB3E061B614018005057D1 /* DSource */;
			targetProxy = 65BB3E211B614018005057D1 /* PBXContainerItemProxy */;
		};
/* End PBXTargetDependency section */

/* Begin PBXVariantGroup section */
		65BB3E141B614018005057D1 /* Main.storyboard */ = {
			isa = PBXVariantGroup;
			children = (
				65BB3E151B614018005057D1 /* Base */,
			);
			name = Main.storyboard;
			sourceTree = "<group>";
		};
		65BB3E191B614018005057D1 /* LaunchScreen.xib */ = {
			isa = PBXVariantGroup;
			children = (
				65BB3E1A1B614018005057D1 /* Base */,
			);
			name = LaunchScreen.xib;
			sourceTree = "<group>";
		};
/* End PBXVariantGroup section */

/* Begin XCBuildConfiguration section */
		65BB3E281B614018005057D1 /* Debug */ = {
			isa = XCBuildConfiguration;
			buildSettings = {
				ALWAYS_SEARCH_USER_PATHS = NO;
				CLANG_CXX_LANGUAGE_STANDARD = "gnu++0x";
				CLANG_CXX_LIBRARY = "libc++";
				CLANG_ENABLE_MODULES = YES;
				CLANG_ENABLE_OBJC_ARC = YES;
				CLANG_WARN_BOOL_CONVERSION = YES;
				CLANG_WARN_CONSTANT_CONVERSION = YES;
				CLANG_WARN_DIRECT_OBJC_ISA_USAGE = YES_ERROR;
				CLANG_WARN_EMPTY_BODY = YES;
				CLANG_WARN_ENUM_CONVERSION = YES;
				CLANG_WARN_INT_CONVERSION = YES;
				CLANG_WARN_OBJC_ROOT_CLASS = YES_ERROR;
				CLANG_WARN_UNREACHABLE_CODE = YES;
				CLANG_WARN__DUPLICATE_METHOD_MATCH = YES;
				"CODE_SIGN_IDENTITY[sdk=iphoneos*]" = "iPhone Developer";
				COPY_PHASE_STRIP = NO;
				DEBUG_INFORMATION_FORMAT = "dwarf-with-dsym";
				ENABLE_STRICT_OBJC_MSGSEND = YES;
				GCC_C_LANGUAGE_STANDARD = gnu99;
				GCC_DYNAMIC_NO_PIC = NO;
				GCC_NO_COMMON_BLOCKS = YES;
				GCC_OPTIMIZATION_LEVEL = 0;
				GCC_PREPROCESSOR_DEFINITIONS = (
					"DEBUG=1",
					"$(inherited)",
				);
				GCC_SYMBOLS_PRIVATE_EXTERN = NO;
				GCC_WARN_64_TO_32_BIT_CONVERSION = YES;
				GCC_WARN_ABOUT_RETURN_TYPE = YES_ERROR;
				GCC_WARN_UNDECLARED_SELECTOR = YES;
				GCC_WARN_UNINITIALIZED_AUTOS = YES_AGGRESSIVE;
				GCC_WARN_UNUSED_FUNCTION = YES;
				GCC_WARN_UNUSED_VARIABLE = YES;
				IPHONEOS_DEPLOYMENT_TARGET = 8.3;
				MTL_ENABLE_DEBUG_INFO = YES;
				ONLY_ACTIVE_ARCH = YES;
				SDKROOT = iphoneos;
				TARGETED_DEVICE_FAMILY = "1,2";
			};
			name = Debug;
		};
		65BB3E291B614018005057D1 /* Release */ = {
			isa = XCBuildConfiguration;
			buildSettings = {
				ALWAYS_SEARCH_USER_PATHS = NO;
				CLANG_CXX_LANGUAGE_STANDARD = "gnu++0x";
				CLANG_CXX_LIBRARY = "libc++";
				CLANG_ENABLE_MODULES = YES;
				CLANG_ENABLE_OBJC_ARC = YES;
				CLANG_WARN_BOOL_CONVERSION = YES;
				CLANG_WARN_CONSTANT_CONVERSION = YES;
				CLANG_WARN_DIRECT_OBJC_ISA_USAGE = YES_ERROR;
				CLANG_WARN_EMPTY_BODY = YES;
				CLANG_WARN_ENUM_CONVERSION = YES;
				CLANG_WARN_INT_CONVERSION = YES;
				CLANG_WARN_OBJC_ROOT_CLASS = YES_ERROR;
				CLANG_WARN_UNREACHABLE_CODE = YES;
				CLANG_WARN__DUPLICATE_METHOD_MATCH = YES;
				"CODE_SIGN_IDENTITY[sdk=iphoneos*]" = "iPhone Developer";
				COPY_PHASE_STRIP = NO;
				DEBUG_INFORMATION_FORMAT = "dwarf-with-dsym";
				ENABLE_NS_ASSERTIONS = NO;
				ENABLE_STRICT_OBJC_MSGSEND = YES;
				GCC_C_LANGUAGE_STANDARD = gnu99;
				GCC_NO_COMMON_BLOCKS = YES;
				GCC_WARN_64_TO_32_BIT_CONVERSION = YES;
				GCC_WARN_ABOUT_RETURN_TYPE = YES_ERROR;
				GCC_WARN_UNDECLARED_SELECTOR = YES;
				GCC_WARN_UNINITIALIZED_AUTOS = YES_AGGRESSIVE;
				GCC_WARN_UNUSED_FUNCTION = YES;
				GCC_WARN_UNUSED_VARIABLE = YES;
				IPHONEOS_DEPLOYMENT_TARGET = 8.3;
				MTL_ENABLE_DEBUG_INFO = NO;
				SDKROOT = iphoneos;
				TARGETED_DEVICE_FAMILY = "1,2";
				VALIDATE_PRODUCT = YES;
			};
			name = Release;
		};
		65BB3E2B1B614019005057D1 /* Debug */ = {
			isa = XCBuildConfiguration;
			buildSettings = {
				ASSETCATALOG_COMPILER_APPICON_NAME = AppIcon;
				INFOPLIST_FILE = DSource/Info.plist;
				LD_RUNPATH_SEARCH_PATHS = "$(inherited) @executable_path/Frameworks";
				PRODUCT_NAME = "$(TARGET_NAME)";
			};
			name = Debug;
		};
		65BB3E2C1B614019005057D1 /* Release */ = {
			isa = XCBuildConfiguration;
			buildSettings = {
				ASSETCATALOG_COMPILER_APPICON_NAME = AppIcon;
				INFOPLIST_FILE = DSource/Info.plist;
				LD_RUNPATH_SEARCH_PATHS = "$(inherited) @executable_path/Frameworks";
				PRODUCT_NAME = "$(TARGET_NAME)";
			};
			name = Release;
		};
		65BB3E2E1B614019005057D1 /* Debug */ = {
			isa = XCBuildConfiguration;
			buildSettings = {
				BUNDLE_LOADER = "$(TEST_HOST)";
				FRAMEWORK_SEARCH_PATHS = (
					"$(SDKROOT)/Developer/Library/Frameworks",
					"$(inherited)",
				);
				GCC_PREPROCESSOR_DEFINITIONS = (
					"DEBUG=1",
					"$(inherited)",
				);
				INFOPLIST_FILE = DSourceTests/Info.plist;
				LD_RUNPATH_SEARCH_PATHS = "$(inherited) @executable_path/Frameworks @loader_path/Frameworks";
				PRODUCT_NAME = "$(TARGET_NAME)";
				TEST_HOST = "$(BUILT_PRODUCTS_DIR)/DSource.app/DSource";
			};
			name = Debug;
		};
		65BB3E2F1B614019005057D1 /* Release */ = {
			isa = XCBuildConfiguration;
			buildSettings = {
				BUNDLE_LOADER = "$(TEST_HOST)";
				FRAMEWORK_SEARCH_PATHS = (
					"$(SDKROOT)/Developer/Library/Frameworks",
					"$(inherited)",
				);
				INFOPLIST_FILE = DSourceTests/Info.plist;
				LD_RUNPATH_SEARCH_PATHS = "$(inherited) @executable_path/Frameworks @loader_path/Frameworks";
				PRODUCT_NAME = "$(TARGET_NAME)";
				TEST_HOST = "$(BUILT_PRODUCTS_DIR)/DSource.app/DSource";
			};
			name = Release;
		};
/* End XCBuildConfiguration section */

/* Begin XCConfigurationList section */
		65BB3E021B614018005057D1 /* Build configuration list for PBXProject "DSource" */ = {
			isa = XCConfigurationList;
			buildConfigurations = (
				65BB3E281B614018005057D1 /* Debug */,
				65BB3E291B614018005057D1 /* Release */,
			);
			defaultConfigurationIsVisible = 0;
			defaultConfigurationName = Release;
		};
		65BB3E2A1B614019005057D1 /* Build configuration list for PBXNativeTarget "DSource" */ = {
			isa = XCConfigurationList;
			buildConfigurations = (
				65BB3E2B1B614019005057D1 /* Debug */,
				65BB3E2C1B614019005057D1 /* Release */,
			);
			defaultConfigurationIsVisible = 0;
		};
		65BB3E2D1B614019005057D1 /* Build configuration list for PBXNativeTarget "DSourceTests" */ = {
			isa = XCConfigurationList;
			buildConfigurations = (
				65BB3E2E1B614019005057D1 /* Debug */,
				65BB3E2F1B614019005057D1 /* Release */,
			);
			defaultConfigurationIsVisible = 0;
		};
/* End XCConfigurationList section */
	};
	rootObject = 65BB3DFF1B614018005057D1 /* Project object */;
}
